// !$*UTF8*$!
{
	archiveVersion = 1;
	classes = {
	};
	objectVersion = 77;
	objects = {

/* Begin PBXBuildFile section */
		740D97832D21E9E800AA1648 /* WidgetKit.framework in Frameworks */ = {isa = PBXBuildFile; fileRef = 740D97822D21E9E800AA1648 /* WidgetKit.framework */; };
		740D97852D21E9E800AA1648 /* SwiftUI.framework in Frameworks */ = {isa = PBXBuildFile; fileRef = 740D97842D21E9E800AA1648 /* SwiftUI.framework */; };
		740D97962D21E9E900AA1648 /* StatisticsWidgetExtension.appex in Embed Foundation Extensions */ = {isa = PBXBuildFile; fileRef = 740D97812D21E9E800AA1648 /* StatisticsWidgetExtension.appex */; settings = {ATTRIBUTES = (RemoveHeadersOnCopy, ); }; };
		7440E4852D2094800040E6A9 /* MapKit.framework in Frameworks */ = {isa = PBXBuildFile; fileRef = 7440E4842D2094750040E6A9 /* MapKit.framework */; };
		7452B3472D24139D008D0D74 /* SwiftCSV in Frameworks */ = {isa = PBXBuildFile; productRef = 7452B3462D24139D008D0D74 /* SwiftCSV */; };
/* End PBXBuildFile section */

/* Begin PBXContainerItemProxy section */
		740D97942D21E9E900AA1648 /* PBXContainerItemProxy */ = {
			isa = PBXContainerItemProxy;
			containerPortal = 74B06D522D1AD96B007C55D6 /* Project object */;
			proxyType = 1;
			remoteGlobalIDString = 740D97802D21E9E800AA1648;
			remoteInfo = StatisticsWidgetExtension;
		};
		74B06D6B2D1AD96D007C55D6 /* PBXContainerItemProxy */ = {
			isa = PBXContainerItemProxy;
			containerPortal = 74B06D522D1AD96B007C55D6 /* Project object */;
			proxyType = 1;
			remoteGlobalIDString = 74B06D592D1AD96B007C55D6;
			remoteInfo = GBR;
		};
		74B06D752D1AD96D007C55D6 /* PBXContainerItemProxy */ = {
			isa = PBXContainerItemProxy;
			containerPortal = 74B06D522D1AD96B007C55D6 /* Project object */;
			proxyType = 1;
			remoteGlobalIDString = 74B06D592D1AD96B007C55D6;
			remoteInfo = GBR;
		};
/* End PBXContainerItemProxy section */

/* Begin PBXCopyFilesBuildPhase section */
		740D97972D21E9E900AA1648 /* Embed Foundation Extensions */ = {
			isa = PBXCopyFilesBuildPhase;
			buildActionMask = 2147483647;
			dstPath = "";
			dstSubfolderSpec = 13;
			files = (
				740D97962D21E9E900AA1648 /* StatisticsWidgetExtension.appex in Embed Foundation Extensions */,
			);
			name = "Embed Foundation Extensions";
			runOnlyForDeploymentPostprocessing = 0;
		};
/* End PBXCopyFilesBuildPhase section */

/* Begin PBXFileReference section */
		740D97812D21E9E800AA1648 /* StatisticsWidgetExtension.appex */ = {isa = PBXFileReference; explicitFileType = "wrapper.app-extension"; includeInIndex = 0; path = StatisticsWidgetExtension.appex; sourceTree = BUILT_PRODUCTS_DIR; };
		740D97822D21E9E800AA1648 /* WidgetKit.framework */ = {isa = PBXFileReference; lastKnownFileType = wrapper.framework; name = WidgetKit.framework; path = System/Library/Frameworks/WidgetKit.framework; sourceTree = SDKROOT; };
		740D97842D21E9E800AA1648 /* SwiftUI.framework */ = {isa = PBXFileReference; lastKnownFileType = wrapper.framework; name = SwiftUI.framework; path = System/Library/Frameworks/SwiftUI.framework; sourceTree = SDKROOT; };
		7440E4832D2094750040E6A9 /* libswiftMapKit.tbd */ = {isa = PBXFileReference; lastKnownFileType = "sourcecode.text-based-dylib-definition"; name = libswiftMapKit.tbd; path = usr/lib/swift/libswiftMapKit.tbd; sourceTree = SDKROOT; };
		7440E4842D2094750040E6A9 /* MapKit.framework */ = {isa = PBXFileReference; lastKnownFileType = wrapper.framework; name = MapKit.framework; path = System/Library/Frameworks/MapKit.framework; sourceTree = SDKROOT; };
		74B06D5A2D1AD96C007C55D6 /* StationChecker.app */ = {isa = PBXFileReference; explicitFileType = wrapper.application; includeInIndex = 0; path = StationChecker.app; sourceTree = BUILT_PRODUCTS_DIR; };
		74B06D6A2D1AD96D007C55D6 /* StationCheckerTests.xctest */ = {isa = PBXFileReference; explicitFileType = wrapper.cfbundle; includeInIndex = 0; path = StationCheckerTests.xctest; sourceTree = BUILT_PRODUCTS_DIR; };
		74B06D742D1AD96D007C55D6 /* StationCheckerUITests.xctest */ = {isa = PBXFileReference; explicitFileType = wrapper.cfbundle; includeInIndex = 0; path = StationCheckerUITests.xctest; sourceTree = BUILT_PRODUCTS_DIR; };
/* End PBXFileReference section */

/* Begin PBXFileSystemSynchronizedBuildFileExceptionSet section */
		740D979A2D21E9E900AA1648 /* Exceptions for "StatisticsWidget" folder in "StatisticsWidgetExtension" target */ = {
			isa = PBXFileSystemSynchronizedBuildFileExceptionSet;
			membershipExceptions = (
				Assets.xcassets,
				Info.plist,
				StatisticsWidgetExtension.entitlements,
			);
			target = 740D97802D21E9E800AA1648 /* StatisticsWidgetExtension */;
		};
/* End PBXFileSystemSynchronizedBuildFileExceptionSet section */

/* Begin PBXFileSystemSynchronizedRootGroup section */
		740D97862D21E9E800AA1648 /* StatisticsWidget */ = {
			isa = PBXFileSystemSynchronizedRootGroup;
			exceptions = (
				740D979A2D21E9E900AA1648 /* Exceptions for "StatisticsWidget" folder in "StatisticsWidgetExtension" target */,
			);
			explicitFileTypes = {
				Info.plist = sourcecode.swift;
				StatisticsWidgetExtension.entitlements = text.xml;
			};
			path = StatisticsWidget;
			sourceTree = "<group>";
		};
		74B06D5C2D1AD96C007C55D6 /* StationChecker */ = {
			isa = PBXFileSystemSynchronizedRootGroup;
			path = StationChecker;
			sourceTree = "<group>";
		};
		74B06D6D2D1AD96D007C55D6 /* StationCheckerTests */ = {
			isa = PBXFileSystemSynchronizedRootGroup;
			path = StationCheckerTests;
			sourceTree = "<group>";
		};
		74B06D772D1AD96D007C55D6 /* StationCheckerUITests */ = {
			isa = PBXFileSystemSynchronizedRootGroup;
			path = StationCheckerUITests;
			sourceTree = "<group>";
		};
/* End PBXFileSystemSynchronizedRootGroup section */

/* Begin PBXFrameworksBuildPhase section */
		740D977E2D21E9E800AA1648 /* Frameworks */ = {
			isa = PBXFrameworksBuildPhase;
			buildActionMask = 2147483647;
			files = (
				740D97852D21E9E800AA1648 /* SwiftUI.framework in Frameworks */,
				740D97832D21E9E800AA1648 /* WidgetKit.framework in Frameworks */,
			);
			runOnlyForDeploymentPostprocessing = 0;
		};
		74B06D572D1AD96B007C55D6 /* Frameworks */ = {
			isa = PBXFrameworksBuildPhase;
			buildActionMask = 2147483647;
			files = (
				7440E4852D2094800040E6A9 /* MapKit.framework in Frameworks */,
				7452B3472D24139D008D0D74 /* SwiftCSV in Frameworks */,
			);
			runOnlyForDeploymentPostprocessing = 0;
		};
		74B06D672D1AD96D007C55D6 /* Frameworks */ = {
			isa = PBXFrameworksBuildPhase;
			buildActionMask = 2147483647;
			files = (
			);
			runOnlyForDeploymentPostprocessing = 0;
		};
		74B06D712D1AD96D007C55D6 /* Frameworks */ = {
			isa = PBXFrameworksBuildPhase;
			buildActionMask = 2147483647;
			files = (
			);
			runOnlyForDeploymentPostprocessing = 0;
		};
/* End PBXFrameworksBuildPhase section */

/* Begin PBXGroup section */
		7440E4822D2094750040E6A9 /* Frameworks */ = {
			isa = PBXGroup;
			children = (
				7440E4832D2094750040E6A9 /* libswiftMapKit.tbd */,
				7440E4842D2094750040E6A9 /* MapKit.framework */,
				740D97822D21E9E800AA1648 /* WidgetKit.framework */,
				740D97842D21E9E800AA1648 /* SwiftUI.framework */,
			);
			name = Frameworks;
			sourceTree = "<group>";
		};
		74B06D512D1AD96B007C55D6 = {
			isa = PBXGroup;
			children = (
				74B06D5C2D1AD96C007C55D6 /* StationChecker */,
				74B06D6D2D1AD96D007C55D6 /* StationCheckerTests */,
				74B06D772D1AD96D007C55D6 /* StationCheckerUITests */,
				740D97862D21E9E800AA1648 /* StatisticsWidget */,
				7440E4822D2094750040E6A9 /* Frameworks */,
				74B06D5B2D1AD96C007C55D6 /* Products */,
			);
			sourceTree = "<group>";
		};
		74B06D5B2D1AD96C007C55D6 /* Products */ = {
			isa = PBXGroup;
			children = (
				74B06D5A2D1AD96C007C55D6 /* StationChecker.app */,
				74B06D6A2D1AD96D007C55D6 /* StationCheckerTests.xctest */,
				74B06D742D1AD96D007C55D6 /* StationCheckerUITests.xctest */,
				740D97812D21E9E800AA1648 /* StatisticsWidgetExtension.appex */,
			);
			name = Products;
			sourceTree = "<group>";
		};
/* End PBXGroup section */

/* Begin PBXNativeTarget section */
		740D97802D21E9E800AA1648 /* StatisticsWidgetExtension */ = {
			isa = PBXNativeTarget;
			buildConfigurationList = 740D979B2D21E9E900AA1648 /* Build configuration list for PBXNativeTarget "StatisticsWidgetExtension" */;
			buildPhases = (
				740D977D2D21E9E800AA1648 /* Sources */,
				740D977E2D21E9E800AA1648 /* Frameworks */,
				740D977F2D21E9E800AA1648 /* Resources */,
			);
			buildRules = (
			);
			dependencies = (
			);
			fileSystemSynchronizedGroups = (
				740D97862D21E9E800AA1648 /* StatisticsWidget */,
			);
			name = StatisticsWidgetExtension;
			packageProductDependencies = (
			);
			productName = StatisticsWidgetExtension;
			productReference = 740D97812D21E9E800AA1648 /* StatisticsWidgetExtension.appex */;
			productType = "com.apple.product-type.app-extension";
		};
		74B06D592D1AD96B007C55D6 /* StationChecker */ = {
			isa = PBXNativeTarget;
			buildConfigurationList = 74B06D7E2D1AD96D007C55D6 /* Build configuration list for PBXNativeTarget "StationChecker" */;
			buildPhases = (
				74B06D562D1AD96B007C55D6 /* Sources */,
				74B06D572D1AD96B007C55D6 /* Frameworks */,
				74B06D582D1AD96B007C55D6 /* Resources */,
				740D97972D21E9E900AA1648 /* Embed Foundation Extensions */,
			);
			buildRules = (
			);
			dependencies = (
				740D97952D21E9E900AA1648 /* PBXTargetDependency */,
			);
			fileSystemSynchronizedGroups = (
				74B06D5C2D1AD96C007C55D6 /* StationChecker */,
			);
			name = StationChecker;
			packageProductDependencies = (
				7452B3462D24139D008D0D74 /* SwiftCSV */,
			);
			productName = GBR;
			productReference = 74B06D5A2D1AD96C007C55D6 /* StationChecker.app */;
			productType = "com.apple.product-type.application";
		};
		74B06D692D1AD96D007C55D6 /* StationCheckerTests */ = {
			isa = PBXNativeTarget;
			buildConfigurationList = 74B06D812D1AD96D007C55D6 /* Build configuration list for PBXNativeTarget "StationCheckerTests" */;
			buildPhases = (
				74B06D662D1AD96D007C55D6 /* Sources */,
				74B06D672D1AD96D007C55D6 /* Frameworks */,
				74B06D682D1AD96D007C55D6 /* Resources */,
			);
			buildRules = (
			);
			dependencies = (
				74B06D6C2D1AD96D007C55D6 /* PBXTargetDependency */,
			);
			fileSystemSynchronizedGroups = (
				74B06D6D2D1AD96D007C55D6 /* StationCheckerTests */,
			);
			name = StationCheckerTests;
			packageProductDependencies = (
			);
			productName = GBRTests;
			productReference = 74B06D6A2D1AD96D007C55D6 /* StationCheckerTests.xctest */;
			productType = "com.apple.product-type.bundle.unit-test";
		};
		74B06D732D1AD96D007C55D6 /* StationCheckerUITests */ = {
			isa = PBXNativeTarget;
			buildConfigurationList = 74B06D842D1AD96D007C55D6 /* Build configuration list for PBXNativeTarget "StationCheckerUITests" */;
			buildPhases = (
				74B06D702D1AD96D007C55D6 /* Sources */,
				74B06D712D1AD96D007C55D6 /* Frameworks */,
				74B06D722D1AD96D007C55D6 /* Resources */,
			);
			buildRules = (
			);
			dependencies = (
				74B06D762D1AD96D007C55D6 /* PBXTargetDependency */,
			);
			fileSystemSynchronizedGroups = (
				74B06D772D1AD96D007C55D6 /* StationCheckerUITests */,
			);
			name = StationCheckerUITests;
			packageProductDependencies = (
			);
			productName = GBRUITests;
			productReference = 74B06D742D1AD96D007C55D6 /* StationCheckerUITests.xctest */;
			productType = "com.apple.product-type.bundle.ui-testing";
		};
/* End PBXNativeTarget section */

/* Begin PBXProject section */
		74B06D522D1AD96B007C55D6 /* Project object */ = {
			isa = PBXProject;
			attributes = {
				BuildIndependentTargetsInParallel = 1;
				LastSwiftUpdateCheck = 1620;
				LastUpgradeCheck = 1620;
				TargetAttributes = {
					740D97802D21E9E800AA1648 = {
						CreatedOnToolsVersion = 16.2;
					};
					74B06D592D1AD96B007C55D6 = {
						CreatedOnToolsVersion = 16.2;
					};
					74B06D692D1AD96D007C55D6 = {
						CreatedOnToolsVersion = 16.2;
						TestTargetID = 74B06D592D1AD96B007C55D6;
					};
					74B06D732D1AD96D007C55D6 = {
						CreatedOnToolsVersion = 16.2;
						TestTargetID = 74B06D592D1AD96B007C55D6;
					};
				};
			};
			buildConfigurationList = 74B06D552D1AD96B007C55D6 /* Build configuration list for PBXProject "StationChecker" */;
			developmentRegion = en;
			hasScannedForEncodings = 0;
			knownRegions = (
				en,
				Base,
			);
			mainGroup = 74B06D512D1AD96B007C55D6;
			minimizedProjectReferenceProxies = 1;
			packageReferences = (
				7452B3452D24139D008D0D74 /* XCRemoteSwiftPackageReference "SwiftCSV" */,
			);
			preferredProjectObjectVersion = 77;
			productRefGroup = 74B06D5B2D1AD96C007C55D6 /* Products */;
			projectDirPath = "";
			projectRoot = "";
			targets = (
				74B06D592D1AD96B007C55D6 /* StationChecker */,
				74B06D692D1AD96D007C55D6 /* StationCheckerTests */,
				74B06D732D1AD96D007C55D6 /* StationCheckerUITests */,
				740D97802D21E9E800AA1648 /* StatisticsWidgetExtension */,
			);
		};
/* End PBXProject section */

/* Begin PBXResourcesBuildPhase section */
		740D977F2D21E9E800AA1648 /* Resources */ = {
			isa = PBXResourcesBuildPhase;
			buildActionMask = 2147483647;
			files = (
			);
			runOnlyForDeploymentPostprocessing = 0;
		};
		74B06D582D1AD96B007C55D6 /* Resources */ = {
			isa = PBXResourcesBuildPhase;
			buildActionMask = 2147483647;
			files = (
			);
			runOnlyForDeploymentPostprocessing = 0;
		};
		74B06D682D1AD96D007C55D6 /* Resources */ = {
			isa = PBXResourcesBuildPhase;
			buildActionMask = 2147483647;
			files = (
			);
			runOnlyForDeploymentPostprocessing = 0;
		};
		74B06D722D1AD96D007C55D6 /* Resources */ = {
			isa = PBXResourcesBuildPhase;
			buildActionMask = 2147483647;
			files = (
			);
			runOnlyForDeploymentPostprocessing = 0;
		};
/* End PBXResourcesBuildPhase section */

/* Begin PBXSourcesBuildPhase section */
		740D977D2D21E9E800AA1648 /* Sources */ = {
			isa = PBXSourcesBuildPhase;
			buildActionMask = 2147483647;
			files = (
			);
			runOnlyForDeploymentPostprocessing = 0;
		};
		74B06D562D1AD96B007C55D6 /* Sources */ = {
			isa = PBXSourcesBuildPhase;
			buildActionMask = 2147483647;
			files = (
			);
			runOnlyForDeploymentPostprocessing = 0;
		};
		74B06D662D1AD96D007C55D6 /* Sources */ = {
			isa = PBXSourcesBuildPhase;
			buildActionMask = 2147483647;
			files = (
			);
			runOnlyForDeploymentPostprocessing = 0;
		};
		74B06D702D1AD96D007C55D6 /* Sources */ = {
			isa = PBXSourcesBuildPhase;
			buildActionMask = 2147483647;
			files = (
			);
			runOnlyForDeploymentPostprocessing = 0;
		};
/* End PBXSourcesBuildPhase section */

/* Begin PBXTargetDependency section */
		740D97952D21E9E900AA1648 /* PBXTargetDependency */ = {
			isa = PBXTargetDependency;
			target = 740D97802D21E9E800AA1648 /* StatisticsWidgetExtension */;
			targetProxy = 740D97942D21E9E900AA1648 /* PBXContainerItemProxy */;
		};
		74B06D6C2D1AD96D007C55D6 /* PBXTargetDependency */ = {
			isa = PBXTargetDependency;
			target = 74B06D592D1AD96B007C55D6 /* StationChecker */;
			targetProxy = 74B06D6B2D1AD96D007C55D6 /* PBXContainerItemProxy */;
		};
		74B06D762D1AD96D007C55D6 /* PBXTargetDependency */ = {
			isa = PBXTargetDependency;
			target = 74B06D592D1AD96B007C55D6 /* StationChecker */;
			targetProxy = 74B06D752D1AD96D007C55D6 /* PBXContainerItemProxy */;
		};
/* End PBXTargetDependency section */

/* Begin XCBuildConfiguration section */
		740D97982D21E9E900AA1648 /* Debug */ = {
			isa = XCBuildConfiguration;
			buildSettings = {
				ASSETCATALOG_COMPILER_GLOBAL_ACCENT_COLOR_NAME = AccentColor;
				ASSETCATALOG_COMPILER_WIDGET_BACKGROUND_COLOR_NAME = WidgetBackground;
				CODE_SIGN_ENTITLEMENTS = StatisticsWidget/StatisticsWidgetExtension.entitlements;
				CODE_SIGN_STYLE = Automatic;
				CURRENT_PROJECT_VERSION = 1;
				DEVELOPMENT_TEAM = 69296J7389;
				GENERATE_INFOPLIST_FILE = YES;
				INFOPLIST_FILE = StatisticsWidget/Info.plist;
				INFOPLIST_KEY_CFBundleDisplayName = StatisticsWidget;
				INFOPLIST_KEY_NSHumanReadableCopyright = "";
				IPHONEOS_DEPLOYMENT_TARGET = 18.0;
				LD_RUNPATH_SEARCH_PATHS = (
					"$(inherited)",
					"@executable_path/Frameworks",
					"@executable_path/../../Frameworks",
				);
				MARKETING_VERSION = 1.0;
				PRODUCT_BUNDLE_IDENTIFIER = jw.StationChecker.StatisticsWidget;
				PRODUCT_NAME = "$(TARGET_NAME)";
				REGISTER_APP_GROUPS = NO;
				SKIP_INSTALL = YES;
				SUPPORTED_PLATFORMS = "iphoneos iphonesimulator macosx";
				SUPPORTS_MACCATALYST = NO;
				SUPPORTS_MAC_DESIGNED_FOR_IPHONE_IPAD = NO;
				SUPPORTS_XR_DESIGNED_FOR_IPHONE_IPAD = NO;
				SWIFT_EMIT_LOC_STRINGS = YES;
				SWIFT_VERSION = 5.0;
				TARGETED_DEVICE_FAMILY = "1,2";
			};
			name = Debug;
		};
		740D97992D21E9E900AA1648 /* Release */ = {
			isa = XCBuildConfiguration;
			buildSettings = {
				ASSETCATALOG_COMPILER_GLOBAL_ACCENT_COLOR_NAME = AccentColor;
				ASSETCATALOG_COMPILER_WIDGET_BACKGROUND_COLOR_NAME = WidgetBackground;
				CODE_SIGN_ENTITLEMENTS = StatisticsWidget/StatisticsWidgetExtension.entitlements;
				CODE_SIGN_STYLE = Automatic;
				CURRENT_PROJECT_VERSION = 1;
				DEVELOPMENT_TEAM = 69296J7389;
				GENERATE_INFOPLIST_FILE = YES;
				INFOPLIST_FILE = StatisticsWidget/Info.plist;
				INFOPLIST_KEY_CFBundleDisplayName = StatisticsWidget;
				INFOPLIST_KEY_NSHumanReadableCopyright = "";
				IPHONEOS_DEPLOYMENT_TARGET = 18.0;
				LD_RUNPATH_SEARCH_PATHS = (
					"$(inherited)",
					"@executable_path/Frameworks",
					"@executable_path/../../Frameworks",
				);
				MARKETING_VERSION = 1.0;
				PRODUCT_BUNDLE_IDENTIFIER = jw.StationChecker.StatisticsWidget;
				PRODUCT_NAME = "$(TARGET_NAME)";
				REGISTER_APP_GROUPS = NO;
				SKIP_INSTALL = YES;
				SUPPORTED_PLATFORMS = "iphoneos iphonesimulator macosx";
				SUPPORTS_MACCATALYST = NO;
				SUPPORTS_MAC_DESIGNED_FOR_IPHONE_IPAD = NO;
				SUPPORTS_XR_DESIGNED_FOR_IPHONE_IPAD = NO;
				SWIFT_EMIT_LOC_STRINGS = YES;
				SWIFT_VERSION = 5.0;
				TARGETED_DEVICE_FAMILY = "1,2";
			};
			name = Release;
		};
		74B06D7C2D1AD96D007C55D6 /* Debug */ = {
			isa = XCBuildConfiguration;
			buildSettings = {
				ALWAYS_SEARCH_USER_PATHS = NO;
				ASSETCATALOG_COMPILER_GENERATE_SWIFT_ASSET_SYMBOL_EXTENSIONS = YES;
				CLANG_ANALYZER_NONNULL = YES;
				CLANG_ANALYZER_NUMBER_OBJECT_CONVERSION = YES_AGGRESSIVE;
				CLANG_CXX_LANGUAGE_STANDARD = "gnu++20";
				CLANG_ENABLE_MODULES = YES;
				CLANG_ENABLE_OBJC_ARC = YES;
				CLANG_ENABLE_OBJC_WEAK = YES;
				CLANG_WARN_BLOCK_CAPTURE_AUTORELEASING = YES;
				CLANG_WARN_BOOL_CONVERSION = YES;
				CLANG_WARN_COMMA = YES;
				CLANG_WARN_CONSTANT_CONVERSION = YES;
				CLANG_WARN_DEPRECATED_OBJC_IMPLEMENTATIONS = YES;
				CLANG_WARN_DIRECT_OBJC_ISA_USAGE = YES_ERROR;
				CLANG_WARN_DOCUMENTATION_COMMENTS = YES;
				CLANG_WARN_EMPTY_BODY = YES;
				CLANG_WARN_ENUM_CONVERSION = YES;
				CLANG_WARN_INFINITE_RECURSION = YES;
				CLANG_WARN_INT_CONVERSION = YES;
				CLANG_WARN_NON_LITERAL_NULL_CONVERSION = YES;
				CLANG_WARN_OBJC_IMPLICIT_RETAIN_SELF = YES;
				CLANG_WARN_OBJC_LITERAL_CONVERSION = YES;
				CLANG_WARN_OBJC_ROOT_CLASS = YES_ERROR;
				CLANG_WARN_QUOTED_INCLUDE_IN_FRAMEWORK_HEADER = YES;
				CLANG_WARN_RANGE_LOOP_ANALYSIS = YES;
				CLANG_WARN_STRICT_PROTOTYPES = YES;
				CLANG_WARN_SUSPICIOUS_MOVE = YES;
				CLANG_WARN_UNGUARDED_AVAILABILITY = YES_AGGRESSIVE;
				CLANG_WARN_UNREACHABLE_CODE = YES;
				CLANG_WARN__DUPLICATE_METHOD_MATCH = YES;
				COPY_PHASE_STRIP = NO;
				DEBUG_INFORMATION_FORMAT = dwarf;
				ENABLE_STRICT_OBJC_MSGSEND = YES;
				ENABLE_TESTABILITY = YES;
				ENABLE_USER_SCRIPT_SANDBOXING = YES;
				GCC_C_LANGUAGE_STANDARD = gnu17;
				GCC_DYNAMIC_NO_PIC = NO;
				GCC_NO_COMMON_BLOCKS = YES;
				GCC_OPTIMIZATION_LEVEL = 0;
				GCC_PREPROCESSOR_DEFINITIONS = (
					"DEBUG=1",
					"$(inherited)",
				);
				GCC_WARN_64_TO_32_BIT_CONVERSION = YES;
				GCC_WARN_ABOUT_RETURN_TYPE = YES_ERROR;
				GCC_WARN_UNDECLARED_SELECTOR = YES;
				GCC_WARN_UNINITIALIZED_AUTOS = YES_AGGRESSIVE;
				GCC_WARN_UNUSED_FUNCTION = YES;
				GCC_WARN_UNUSED_VARIABLE = YES;
				IPHONEOS_DEPLOYMENT_TARGET = 18.2;
				LOCALIZATION_PREFERS_STRING_CATALOGS = YES;
				MTL_ENABLE_DEBUG_INFO = INCLUDE_SOURCE;
				MTL_FAST_MATH = YES;
				ONLY_ACTIVE_ARCH = YES;
				SDKROOT = iphoneos;
				SWIFT_ACTIVE_COMPILATION_CONDITIONS = "DEBUG $(inherited)";
				SWIFT_OPTIMIZATION_LEVEL = "-Onone";
			};
			name = Debug;
		};
		74B06D7D2D1AD96D007C55D6 /* Release */ = {
			isa = XCBuildConfiguration;
			buildSettings = {
				ALWAYS_SEARCH_USER_PATHS = NO;
				ASSETCATALOG_COMPILER_GENERATE_SWIFT_ASSET_SYMBOL_EXTENSIONS = YES;
				CLANG_ANALYZER_NONNULL = YES;
				CLANG_ANALYZER_NUMBER_OBJECT_CONVERSION = YES_AGGRESSIVE;
				CLANG_CXX_LANGUAGE_STANDARD = "gnu++20";
				CLANG_ENABLE_MODULES = YES;
				CLANG_ENABLE_OBJC_ARC = YES;
				CLANG_ENABLE_OBJC_WEAK = YES;
				CLANG_WARN_BLOCK_CAPTURE_AUTORELEASING = YES;
				CLANG_WARN_BOOL_CONVERSION = YES;
				CLANG_WARN_COMMA = YES;
				CLANG_WARN_CONSTANT_CONVERSION = YES;
				CLANG_WARN_DEPRECATED_OBJC_IMPLEMENTATIONS = YES;
				CLANG_WARN_DIRECT_OBJC_ISA_USAGE = YES_ERROR;
				CLANG_WARN_DOCUMENTATION_COMMENTS = YES;
				CLANG_WARN_EMPTY_BODY = YES;
				CLANG_WARN_ENUM_CONVERSION = YES;
				CLANG_WARN_INFINITE_RECURSION = YES;
				CLANG_WARN_INT_CONVERSION = YES;
				CLANG_WARN_NON_LITERAL_NULL_CONVERSION = YES;
				CLANG_WARN_OBJC_IMPLICIT_RETAIN_SELF = YES;
				CLANG_WARN_OBJC_LITERAL_CONVERSION = YES;
				CLANG_WARN_OBJC_ROOT_CLASS = YES_ERROR;
				CLANG_WARN_QUOTED_INCLUDE_IN_FRAMEWORK_HEADER = YES;
				CLANG_WARN_RANGE_LOOP_ANALYSIS = YES;
				CLANG_WARN_STRICT_PROTOTYPES = YES;
				CLANG_WARN_SUSPICIOUS_MOVE = YES;
				CLANG_WARN_UNGUARDED_AVAILABILITY = YES_AGGRESSIVE;
				CLANG_WARN_UNREACHABLE_CODE = YES;
				CLANG_WARN__DUPLICATE_METHOD_MATCH = YES;
				COPY_PHASE_STRIP = NO;
				DEBUG_INFORMATION_FORMAT = "dwarf-with-dsym";
				ENABLE_NS_ASSERTIONS = NO;
				ENABLE_STRICT_OBJC_MSGSEND = YES;
				ENABLE_USER_SCRIPT_SANDBOXING = YES;
				GCC_C_LANGUAGE_STANDARD = gnu17;
				GCC_NO_COMMON_BLOCKS = YES;
				GCC_WARN_64_TO_32_BIT_CONVERSION = YES;
				GCC_WARN_ABOUT_RETURN_TYPE = YES_ERROR;
				GCC_WARN_UNDECLARED_SELECTOR = YES;
				GCC_WARN_UNINITIALIZED_AUTOS = YES_AGGRESSIVE;
				GCC_WARN_UNUSED_FUNCTION = YES;
				GCC_WARN_UNUSED_VARIABLE = YES;
				IPHONEOS_DEPLOYMENT_TARGET = 18.2;
				LOCALIZATION_PREFERS_STRING_CATALOGS = YES;
				MTL_ENABLE_DEBUG_INFO = NO;
				MTL_FAST_MATH = YES;
				SDKROOT = iphoneos;
				SWIFT_COMPILATION_MODE = wholemodule;
				VALIDATE_PRODUCT = YES;
			};
			name = Release;
		};
		74B06D7F2D1AD96D007C55D6 /* Debug */ = {
			isa = XCBuildConfiguration;
			buildSettings = {
				ASSETCATALOG_COMPILER_APPICON_NAME = AppIcon;
				ASSETCATALOG_COMPILER_GLOBAL_ACCENT_COLOR_NAME = AccentColor;
				CODE_SIGN_ENTITLEMENTS = StationChecker/StationChecker.entitlements;
				CODE_SIGN_STYLE = Automatic;
				CURRENT_PROJECT_VERSION = 1;
				DEVELOPMENT_ASSET_PATHS = "\"StationChecker/Preview Content\"";
				DEVELOPMENT_TEAM = 69296J7389;
				ENABLE_PREVIEWS = YES;
				GENERATE_INFOPLIST_FILE = YES;
				INFOPLIST_KEY_CFBundleDisplayName = STNChecker;
				INFOPLIST_KEY_LSApplicationCategoryType = "public.app-category.navigation";
				INFOPLIST_KEY_UIApplicationSceneManifest_Generation = YES;
				INFOPLIST_KEY_UIApplicationSupportsIndirectInputEvents = YES;
				INFOPLIST_KEY_UILaunchScreen_Generation = YES;
				INFOPLIST_KEY_UIStatusBarHidden = YES;
				INFOPLIST_KEY_UIStatusBarStyle = "";
				INFOPLIST_KEY_UISupportedInterfaceOrientations_iPad = "UIInterfaceOrientationPortrait UIInterfaceOrientationPortraitUpsideDown UIInterfaceOrientationLandscapeLeft UIInterfaceOrientationLandscapeRight";
				INFOPLIST_KEY_UISupportedInterfaceOrientations_iPhone = "UIInterfaceOrientationPortrait UIInterfaceOrientationLandscapeLeft UIInterfaceOrientationLandscapeRight";
				IPHONEOS_DEPLOYMENT_TARGET = 17.6;
				LD_RUNPATH_SEARCH_PATHS = (
					"$(inherited)",
					"@executable_path/Frameworks",
				);
				MARKETING_VERSION = 1.0;
				PRODUCT_BUNDLE_IDENTIFIER = jw.StationChecker;
				PRODUCT_NAME = "$(TARGET_NAME)";
				REGISTER_APP_GROUPS = NO;
				SUPPORTED_PLATFORMS = "iphoneos iphonesimulator macosx xros xrsimulator";
				SUPPORTS_MACCATALYST = NO;
				SUPPORTS_MAC_DESIGNED_FOR_IPHONE_IPAD = NO;
				SUPPORTS_XR_DESIGNED_FOR_IPHONE_IPAD = NO;
				SWIFT_EMIT_LOC_STRINGS = YES;
				SWIFT_VERSION = 5.0;
				TARGETED_DEVICE_FAMILY = "1,2,7";
			};
			name = Debug;
		};
		74B06D802D1AD96D007C55D6 /* Release */ = {
			isa = XCBuildConfiguration;
			buildSettings = {
				ASSETCATALOG_COMPILER_APPICON_NAME = AppIcon;
				ASSETCATALOG_COMPILER_GLOBAL_ACCENT_COLOR_NAME = AccentColor;
				CODE_SIGN_ENTITLEMENTS = StationChecker/StationCheckerRelease.entitlements;
				"CODE_SIGN_IDENTITY[sdk=macosx*]" = "Apple Development";
				CODE_SIGN_STYLE = Automatic;
				CURRENT_PROJECT_VERSION = 1;
				DEVELOPMENT_ASSET_PATHS = "\"StationChecker/Preview Content\"";
				DEVELOPMENT_TEAM = 69296J7389;
				ENABLE_PREVIEWS = YES;
				GENERATE_INFOPLIST_FILE = YES;
				INFOPLIST_KEY_CFBundleDisplayName = STNChecker;
				INFOPLIST_KEY_LSApplicationCategoryType = "public.app-category.navigation";
				INFOPLIST_KEY_UIApplicationSceneManifest_Generation = YES;
				INFOPLIST_KEY_UIApplicationSupportsIndirectInputEvents = YES;
				INFOPLIST_KEY_UILaunchScreen_Generation = YES;
				INFOPLIST_KEY_UIStatusBarHidden = YES;
				INFOPLIST_KEY_UIStatusBarStyle = "";
				INFOPLIST_KEY_UISupportedInterfaceOrientations_iPad = "UIInterfaceOrientationPortrait UIInterfaceOrientationPortraitUpsideDown UIInterfaceOrientationLandscapeLeft UIInterfaceOrientationLandscapeRight";
				INFOPLIST_KEY_UISupportedInterfaceOrientations_iPhone = "UIInterfaceOrientationPortrait UIInterfaceOrientationLandscapeLeft UIInterfaceOrientationLandscapeRight";
				IPHONEOS_DEPLOYMENT_TARGET = 17.6;
				LD_RUNPATH_SEARCH_PATHS = (
					"$(inherited)",
					"@executable_path/Frameworks",
				);
				MARKETING_VERSION = 1.0;
				PRODUCT_BUNDLE_IDENTIFIER = jw.StationChecker;
				PRODUCT_NAME = "$(TARGET_NAME)";
				REGISTER_APP_GROUPS = NO;
				SUPPORTED_PLATFORMS = "iphoneos iphonesimulator macosx xros xrsimulator";
				SUPPORTS_MACCATALYST = NO;
				SUPPORTS_MAC_DESIGNED_FOR_IPHONE_IPAD = NO;
				SUPPORTS_XR_DESIGNED_FOR_IPHONE_IPAD = NO;
				SWIFT_EMIT_LOC_STRINGS = YES;
				SWIFT_VERSION = 5.0;
				TARGETED_DEVICE_FAMILY = "1,2,7";
			};
			name = Release;
		};
		74B06D822D1AD96D007C55D6 /* Debug */ = {
			isa = XCBuildConfiguration;
			buildSettings = {
				BUNDLE_LOADER = "$(TEST_HOST)";
				CODE_SIGN_STYLE = Automatic;
				CURRENT_PROJECT_VERSION = 1;
				GENERATE_INFOPLIST_FILE = YES;
				IPHONEOS_DEPLOYMENT_TARGET = 18.2;
				MARKETING_VERSION = 1.0;
				PRODUCT_BUNDLE_IDENTIFIER = jw.GBRTests;
				PRODUCT_NAME = "$(TARGET_NAME)";
				SUPPORTED_PLATFORMS = "iphoneos iphonesimulator";
				SUPPORTS_MACCATALYST = NO;
				SUPPORTS_MAC_DESIGNED_FOR_IPHONE_IPAD = NO;
				SUPPORTS_XR_DESIGNED_FOR_IPHONE_IPAD = NO;
				SWIFT_EMIT_LOC_STRINGS = NO;
				SWIFT_VERSION = 5.0;
				TARGETED_DEVICE_FAMILY = "1,2";
				TEST_HOST = "$(BUILT_PRODUCTS_DIR)/GBR.app/$(BUNDLE_EXECUTABLE_FOLDER_PATH)/GBR";
			};
			name = Debug;
		};
		74B06D832D1AD96D007C55D6 /* Release */ = {
			isa = XCBuildConfiguration;
			buildSettings = {
				BUNDLE_LOADER = "$(TEST_HOST)";
				CODE_SIGN_STYLE = Automatic;
				CURRENT_PROJECT_VERSION = 1;
				GENERATE_INFOPLIST_FILE = YES;
				IPHONEOS_DEPLOYMENT_TARGET = 18.2;
				MARKETING_VERSION = 1.0;
				PRODUCT_BUNDLE_IDENTIFIER = jw.GBRTests;
				PRODUCT_NAME = "$(TARGET_NAME)";
				SUPPORTED_PLATFORMS = "iphoneos iphonesimulator";
				SUPPORTS_MACCATALYST = NO;
				SUPPORTS_MAC_DESIGNED_FOR_IPHONE_IPAD = NO;
				SUPPORTS_XR_DESIGNED_FOR_IPHONE_IPAD = NO;
				SWIFT_EMIT_LOC_STRINGS = NO;
				SWIFT_VERSION = 5.0;
				TARGETED_DEVICE_FAMILY = "1,2";
				TEST_HOST = "$(BUILT_PRODUCTS_DIR)/GBR.app/$(BUNDLE_EXECUTABLE_FOLDER_PATH)/GBR";
			};
			name = Release;
		};
		74B06D852D1AD96D007C55D6 /* Debug */ = {
			isa = XCBuildConfiguration;
			buildSettings = {
				CODE_SIGN_STYLE = Automatic;
				CURRENT_PROJECT_VERSION = 1;
				GENERATE_INFOPLIST_FILE = YES;
				MARKETING_VERSION = 1.0;
				PRODUCT_BUNDLE_IDENTIFIER = jw.GBRUITests;
				PRODUCT_NAME = "$(TARGET_NAME)";
				SWIFT_EMIT_LOC_STRINGS = NO;
				SWIFT_VERSION = 5.0;
				TARGETED_DEVICE_FAMILY = "1,2";
				TEST_TARGET_NAME = GBR;
			};
			name = Debug;
		};
		74B06D862D1AD96D007C55D6 /* Release */ = {
			isa = XCBuildConfiguration;
			buildSettings = {
				CODE_SIGN_STYLE = Automatic;
				CURRENT_PROJECT_VERSION = 1;
				GENERATE_INFOPLIST_FILE = YES;
				MARKETING_VERSION = 1.0;
				PRODUCT_BUNDLE_IDENTIFIER = jw.GBRUITests;
				PRODUCT_NAME = "$(TARGET_NAME)";
				SWIFT_EMIT_LOC_STRINGS = NO;
				SWIFT_VERSION = 5.0;
				TARGETED_DEVICE_FAMILY = "1,2";
				TEST_TARGET_NAME = GBR;
			};
			name = Release;
		};
/* End XCBuildConfiguration section */

/* Begin XCConfigurationList section */
		740D979B2D21E9E900AA1648 /* Build configuration list for PBXNativeTarget "StatisticsWidgetExtension" */ = {
			isa = XCConfigurationList;
			buildConfigurations = (
				740D97982D21E9E900AA1648 /* Debug */,
				740D97992D21E9E900AA1648 /* Release */,
			);
			defaultConfigurationIsVisible = 0;
			defaultConfigurationName = Release;
		};
		74B06D552D1AD96B007C55D6 /* Build configuration list for PBXProject "StationChecker" */ = {
			isa = XCConfigurationList;
			buildConfigurations = (
				74B06D7C2D1AD96D007C55D6 /* Debug */,
				74B06D7D2D1AD96D007C55D6 /* Release */,
			);
			defaultConfigurationIsVisible = 0;
			defaultConfigurationName = Release;
		};
		74B06D7E2D1AD96D007C55D6 /* Build configuration list for PBXNativeTarget "StationChecker" */ = {
			isa = XCConfigurationList;
			buildConfigurations = (
				74B06D7F2D1AD96D007C55D6 /* Debug */,
				74B06D802D1AD96D007C55D6 /* Release */,
			);
			defaultConfigurationIsVisible = 0;
			defaultConfigurationName = Release;
		};
		74B06D812D1AD96D007C55D6 /* Build configuration list for PBXNativeTarget "StationCheckerTests" */ = {
			isa = XCConfigurationList;
			buildConfigurations = (
				74B06D822D1AD96D007C55D6 /* Debug */,
				74B06D832D1AD96D007C55D6 /* Release */,
			);
			defaultConfigurationIsVisible = 0;
			defaultConfigurationName = Release;
		};
		74B06D842D1AD96D007C55D6 /* Build configuration list for PBXNativeTarget "StationCheckerUITests" */ = {
			isa = XCConfigurationList;
			buildConfigurations = (
				74B06D852D1AD96D007C55D6 /* Debug */,
				74B06D862D1AD96D007C55D6 /* Release */,
			);
			defaultConfigurationIsVisible = 0;
			defaultConfigurationName = Release;
		};
/* End XCConfigurationList section */

/* Begin XCRemoteSwiftPackageReference section */
		7452B3452D24139D008D0D74 /* XCRemoteSwiftPackageReference "SwiftCSV" */ = {
			isa = XCRemoteSwiftPackageReference;
			repositoryURL = "https://github.com/swiftcsv/SwiftCSV";
			requirement = {
				kind = upToNextMajorVersion;
				minimumVersion = 0.10.0;
			};
		};
/* End XCRemoteSwiftPackageReference section */

/* Begin XCSwiftPackageProductDependency section */
		7452B3462D24139D008D0D74 /* SwiftCSV */ = {
			isa = XCSwiftPackageProductDependency;
			package = 7452B3452D24139D008D0D74 /* XCRemoteSwiftPackageReference "SwiftCSV" */;
			productName = SwiftCSV;
		};
/* End XCSwiftPackageProductDependency section */
	};
	rootObject = 74B06D522D1AD96B007C55D6 /* Project object */;
}
